
Microsoft Visual Studio Solution File, Format Version 12.00
# Visual Studio Version 16
VisualStudioVersion = 16.0.28803.352
MinimumVisualStudioVersion = 10.0.40219.1
Project("{FAE04EC0-301F-11D3-BF4B-00C04F79EFBC}") = "tp7", "tp7\tp7.csproj", "{37C32DFD-F3B2-4F43-8BBD-987C9DDF1931}"
EndProject
Global
	GlobalSection(SolutionConfigurationPlatforms) = preSolution
		Debug|Any CPU = Debug|Any CPU
		Release|Any CPU = Release|Any CPU
	EndGlobalSection
	GlobalSection(ProjectConfigurationPlatforms) = postSolution
		{37C32DFD-F3B2-4F43-8BBD-987C9DDF1931}.Debug|Any CPU.ActiveCfg = Debug|Any CPU
		{37C32DFD-F3B2-4F43-8BBD-987C9DDF1931}.Debug|Any CPU.Build.0 = Debug|Any CPU
		{37C32DFD-F3B2-4F43-8BBD-987C9DDF1931}.Release|Any CPU.ActiveCfg = Release|Any CPU
		{37C32DFD-F3B2-4F43-8BBD-987C9DDF1931}.Release|Any CPU.Build.0 = Release|Any CPU
	EndGlobalSection
	GlobalSection(SolutionProperties) = preSolution
		HideSolutionNode = FALSE
	EndGlobalSection
	GlobalSection(ExtensibilityGlobals) = postSolution
		SolutionGuid = {CAEC940B-3AE7-4521-9A12-82310FCC2C59}
	EndGlobalSection
EndGlobal
